
Microsoft Visual Studio Solution File, Format Version 12.00
# Visual Studio Version 17
VisualStudioVersion = 17.12.35527.113 d17.12
MinimumVisualStudioVersion = 10.0.40219.1
Project("{FAE04EC0-301F-11D3-BF4B-00C04F79EFBC}") = "InfertilityTreatment.API", "InfertilityTreatment.API\InfertilityTreatment.API.csproj", "{BB0AD2E0-9234-4FD9-AD7A-D5C01E88EC9B}"
EndProject
Project("{FAE04EC0-301F-11D3-BF4B-00C04F79EFBC}") = "InfertilityTreatment.Entity", "InfertilityTreatment.Entity\InfertilityTreatment.Entity.csproj", "{C9F768D0-E174-4005-9735-E5E3D37B9B64}"
EndProject
Project("{FAE04EC0-301F-11D3-BF4B-00C04F79EFBC}") = "InfertilityTreatment.Data", "InfertilityTreatment.Data\InfertilityTreatment.Data.csproj", "{2AE30C24-9686-4C74-A374-11DA79BD9EF5}"
EndProject
Project("{FAE04EC0-301F-11D3-BF4B-00C04F79EFBC}") = "InfertilityTreatment.Business", "InfertilityTreatment.Business\InfertilityTreatment.Business.csproj", "{C26C0BEB-16EE-4260-9C73-1FAD995F4F31}"
EndProject
Global
	GlobalSection(SolutionConfigurationPlatforms) = preSolution
		Debug|Any CPU = Debug|Any CPU
		Release|Any CPU = Release|Any CPU
	EndGlobalSection
	GlobalSection(ProjectConfigurationPlatforms) = postSolution
		{BB0AD2E0-9234-4FD9-AD7A-D5C01E88EC9B}.Debug|Any CPU.ActiveCfg = Debug|Any CPU
		{BB0AD2E0-9234-4FD9-AD7A-D5C01E88EC9B}.Debug|Any CPU.Build.0 = Debug|Any CPU
		{BB0AD2E0-9234-4FD9-AD7A-D5C01E88EC9B}.Release|Any CPU.ActiveCfg = Release|Any CPU
		{BB0AD2E0-9234-4FD9-AD7A-D5C01E88EC9B}.Release|Any CPU.Build.0 = Release|Any CPU
		{C9F768D0-E174-4005-9735-E5E3D37B9B64}.Debug|Any CPU.ActiveCfg = Debug|Any CPU
		{C9F768D0-E174-4005-9735-E5E3D37B9B64}.Debug|Any CPU.Build.0 = Debug|Any CPU
		{C9F768D0-E174-4005-9735-E5E3D37B9B64}.Release|Any CPU.ActiveCfg = Release|Any CPU
		{C9F768D0-E174-4005-9735-E5E3D37B9B64}.Release|Any CPU.Build.0 = Release|Any CPU
		{2AE30C24-9686-4C74-A374-11DA79BD9EF5}.Debug|Any CPU.ActiveCfg = Debug|Any CPU
		{2AE30C24-9686-4C74-A374-11DA79BD9EF5}.Debug|Any CPU.Build.0 = Debug|Any CPU
		{2AE30C24-9686-4C74-A374-11DA79BD9EF5}.Release|Any CPU.ActiveCfg = Release|Any CPU
		{2AE30C24-9686-4C74-A374-11DA79BD9EF5}.Release|Any CPU.Build.0 = Release|Any CPU
		{C26C0BEB-16EE-4260-9C73-1FAD995F4F31}.Debug|Any CPU.ActiveCfg = Debug|Any CPU
		{C26C0BEB-16EE-4260-9C73-1FAD995F4F31}.Debug|Any CPU.Build.0 = Debug|Any CPU
		{C26C0BEB-16EE-4260-9C73-1FAD995F4F31}.Release|Any CPU.ActiveCfg = Release|Any CPU
		{C26C0BEB-16EE-4260-9C73-1FAD995F4F31}.Release|Any CPU.Build.0 = Release|Any CPU
	EndGlobalSection
	GlobalSection(SolutionProperties) = preSolution
		HideSolutionNode = FALSE
	EndGlobalSection
EndGlobal
